// !$*UTF8*$!
{
	archiveVersion = 1;
	classes = {
	};
	objectVersion = 46;
	objects = {

/* Begin PBXBuildFile section */
		843107EF1C75A0A600D7645F /* main.m in Sources */ = {isa = PBXBuildFile; fileRef = 843107EE1C75A0A600D7645F /* main.m */; };
		843107F21C75A0A600D7645F /* AppDelegate.m in Sources */ = {isa = PBXBuildFile; fileRef = 843107F11C75A0A600D7645F /* AppDelegate.m */; };
		843107F51C75A0A600D7645F /* CustomWaitHUD.xcdatamodeld in Sources */ = {isa = PBXBuildFile; fileRef = 843107F31C75A0A600D7645F /* CustomWaitHUD.xcdatamodeld */; };
		843108001C75A0A600D7645F /* Assets.xcassets in Resources */ = {isa = PBXBuildFile; fileRef = 843107FF1C75A0A600D7645F /* Assets.xcassets */; };
		843108031C75A0A600D7645F /* LaunchScreen.storyboard in Resources */ = {isa = PBXBuildFile; fileRef = 843108011C75A0A600D7645F /* LaunchScreen.storyboard */; };
		8431080E1C75A0A700D7645F /* CustomWaitHUDTests.m in Sources */ = {isa = PBXBuildFile; fileRef = 8431080D1C75A0A700D7645F /* CustomWaitHUDTests.m */; };
		843108191C75A0A700D7645F /* CustomWaitHUDUITests.m in Sources */ = {isa = PBXBuildFile; fileRef = 843108181C75A0A700D7645F /* CustomWaitHUDUITests.m */; };
		843108291C75A0E000D7645F /* HomeViewController.m in Sources */ = {isa = PBXBuildFile; fileRef = 843108271C75A0E000D7645F /* HomeViewController.m */; };
		8431082A1C75A0E000D7645F /* HomeViewController.xib in Resources */ = {isa = PBXBuildFile; fileRef = 843108281C75A0E000D7645F /* HomeViewController.xib */; };
		8431082D1C75A79D00D7645F /* SHActivityView.m in Sources */ = {isa = PBXBuildFile; fileRef = 8431082C1C75A79D00D7645F /* SHActivityView.m */; };
		843108301C75D31900D7645F /* TestTwo.m in Sources */ = {isa = PBXBuildFile; fileRef = 8431082F1C75D31900D7645F /* TestTwo.m */; };
/* End PBXBuildFile section */

/* Begin PBXContainerItemProxy section */
		8431080A1C75A0A700D7645F /* PBXContainerItemProxy */ = {
			isa = PBXContainerItemProxy;
			containerPortal = 843107E21C75A0A600D7645F /* Project object */;
			proxyType = 1;
			remoteGlobalIDString = 843107E91C75A0A600D7645F;
			remoteInfo = CustomWaitHUD;
		};
		843108151C75A0A700D7645F /* PBXContainerItemProxy */ = {
			isa = PBXContainerItemProxy;
			containerPortal = 843107E21C75A0A600D7645F /* Project object */;
			proxyType = 1;
			remoteGlobalIDString = 843107E91C75A0A600D7645F;
			remoteInfo = CustomWaitHUD;
		};
/* End PBXContainerItemProxy section */

/* Begin PBXFileReference section */
		843107EA1C75A0A600D7645F /* CustomWaitHUD.app */ = {isa = PBXFileReference; explicitFileType = wrapper.application; includeInIndex = 0; path = CustomWaitHUD.app; sourceTree = BUILT_PRODUCTS_DIR; };
		843107EE1C75A0A600D7645F /* main.m */ = {isa = PBXFileReference; lastKnownFileType = sourcecode.c.objc; path = main.m; sourceTree = "<group>"; };
		843107F01C75A0A600D7645F /* AppDelegate.h */ = {isa = PBXFileReference; lastKnownFileType = sourcecode.c.h; path = AppDelegate.h; sourceTree = "<group>"; };
		843107F11C75A0A600D7645F /* AppDelegate.m */ = {isa = PBXFileReference; lastKnownFileType = sourcecode.c.objc; path = AppDelegate.m; sourceTree = "<group>"; };
		843107F41C75A0A600D7645F /* CustomWaitHUD.xcdatamodel */ = {isa = PBXFileReference; lastKnownFileType = wrapper.xcdatamodel; path = CustomWaitHUD.xcdatamodel; sourceTree = "<group>"; };
		843107FF1C75A0A600D7645F /* Assets.xcassets */ = {isa = PBXFileReference; lastKnownFileType = folder.assetcatalog; path = Assets.xcassets; sourceTree = "<group>"; };
		843108021C75A0A600D7645F /* Base */ = {isa = PBXFileReference; lastKnownFileType = file.storyboard; name = Base; path = Base.lproj/LaunchScreen.storyboard; sourceTree = "<group>"; };
		843108041C75A0A600D7645F /* Info.plist */ = {isa = PBXFileReference; lastKnownFileType = text.plist.xml; path = Info.plist; sourceTree = "<group>"; };
		843108091C75A0A700D7645F /* CustomWaitHUDTests.xctest */ = {isa = PBXFileReference; explicitFileType = wrapper.cfbundle; includeInIndex = 0; path = CustomWaitHUDTests.xctest; sourceTree = BUILT_PRODUCTS_DIR; };
		8431080D1C75A0A700D7645F /* CustomWaitHUDTests.m */ = {isa = PBXFileReference; lastKnownFileType = sourcecode.c.objc; path = CustomWaitHUDTests.m; sourceTree = "<group>"; };
		8431080F1C75A0A700D7645F /* Info.plist */ = {isa = PBXFileReference; lastKnownFileType = text.plist.xml; path = Info.plist; sourceTree = "<group>"; };
		843108141C75A0A700D7645F /* CustomWaitHUDUITests.xctest */ = {isa = PBXFileReference; explicitFileType = wrapper.cfbundle; includeInIndex = 0; path = CustomWaitHUDUITests.xctest; sourceTree = BUILT_PRODUCTS_DIR; };
		843108181C75A0A700D7645F /* CustomWaitHUDUITests.m */ = {isa = PBXFileReference; lastKnownFileType = sourcecode.c.objc; path = CustomWaitHUDUITests.m; sourceTree = "<group>"; };
		8431081A1C75A0A700D7645F /* Info.plist */ = {isa = PBXFileReference; lastKnownFileType = text.plist.xml; path = Info.plist; sourceTree = "<group>"; };
		843108261C75A0E000D7645F /* HomeViewController.h */ = {isa = PBXFileReference; fileEncoding = 4; lastKnownFileType = sourcecode.c.h; path = HomeViewController.h; sourceTree = "<group>"; };
		843108271C75A0E000D7645F /* HomeViewController.m */ = {isa = PBXFileReference; fileEncoding = 4; lastKnownFileType = sourcecode.c.objc; path = HomeViewController.m; sourceTree = "<group>"; };
		843108281C75A0E000D7645F /* HomeViewController.xib */ = {isa = PBXFileReference; fileEncoding = 4; lastKnownFileType = file.xib; path = HomeViewController.xib; sourceTree = "<group>"; };
		8431082B1C75A79D00D7645F /* SHActivityView.h */ = {isa = PBXFileReference; fileEncoding = 4; lastKnownFileType = sourcecode.c.h; path = SHActivityView.h; sourceTree = "<group>"; };
		8431082C1C75A79D00D7645F /* SHActivityView.m */ = {isa = PBXFileReference; fileEncoding = 4; lastKnownFileType = sourcecode.c.objc; path = SHActivityView.m; sourceTree = "<group>"; };
		8431082E1C75D31900D7645F /* TestTwo.h */ = {isa = PBXFileReference; fileEncoding = 4; lastKnownFileType = sourcecode.c.h; path = TestTwo.h; sourceTree = "<group>"; };
		8431082F1C75D31900D7645F /* TestTwo.m */ = {isa = PBXFileReference; fileEncoding = 4; lastKnownFileType = sourcecode.c.objc; path = TestTwo.m; sourceTree = "<group>"; };
/* End PBXFileReference section */

/* Begin PBXFrameworksBuildPhase section */
		843107E71C75A0A600D7645F /* Frameworks */ = {
			isa = PBXFrameworksBuildPhase;
			buildActionMask = 2147483647;
			files = (
			);
			runOnlyForDeploymentPostprocessing = 0;
		};
		843108061C75A0A700D7645F /* Frameworks */ = {
			isa = PBXFrameworksBuildPhase;
			buildActionMask = 2147483647;
			files = (
			);
			runOnlyForDeploymentPostprocessing = 0;
		};
		843108111C75A0A700D7645F /* Frameworks */ = {
			isa = PBXFrameworksBuildPhase;
			buildActionMask = 2147483647;
			files = (
			);
			runOnlyForDeploymentPostprocessing = 0;
		};
/* End PBXFrameworksBuildPhase section */

/* Begin PBXGroup section */
		843107E11C75A0A600D7645F = {
			isa = PBXGroup;
			children = (
				843107EC1C75A0A600D7645F /* CustomWaitHUD */,
				8431080C1C75A0A700D7645F /* CustomWaitHUDTests */,
				843108171C75A0A700D7645F /* CustomWaitHUDUITests */,
				843107EB1C75A0A600D7645F /* Products */,
			);
			sourceTree = "<group>";
		};
		843107EB1C75A0A600D7645F /* Products */ = {
			isa = PBXGroup;
			children = (
				843107EA1C75A0A600D7645F /* CustomWaitHUD.app */,
				843108091C75A0A700D7645F /* CustomWaitHUDTests.xctest */,
				843108141C75A0A700D7645F /* CustomWaitHUDUITests.xctest */,
			);
			name = Products;
			sourceTree = "<group>";
		};
		843107EC1C75A0A600D7645F /* CustomWaitHUD */ = {
			isa = PBXGroup;
			children = (
				843107F01C75A0A600D7645F /* AppDelegate.h */,
				843107F11C75A0A600D7645F /* AppDelegate.m */,
				843108261C75A0E000D7645F /* HomeViewController.h */,
				843108271C75A0E000D7645F /* HomeViewController.m */,
				843108281C75A0E000D7645F /* HomeViewController.xib */,
				843107FF1C75A0A600D7645F /* Assets.xcassets */,
				843108011C75A0A600D7645F /* LaunchScreen.storyboard */,
				843108041C75A0A600D7645F /* Info.plist */,
				843107F31C75A0A600D7645F /* CustomWaitHUD.xcdatamodeld */,
				843107ED1C75A0A600D7645F /* Supporting Files */,
				8431082B1C75A79D00D7645F /* SHActivityView.h */,
				8431082C1C75A79D00D7645F /* SHActivityView.m */,
				8431082E1C75D31900D7645F /* TestTwo.h */,
				8431082F1C75D31900D7645F /* TestTwo.m */,
			);
			path = CustomWaitHUD;
			sourceTree = "<group>";
		};
		843107ED1C75A0A600D7645F /* Supporting Files */ = {
			isa = PBXGroup;
			children = (
				843107EE1C75A0A600D7645F /* main.m */,
			);
			name = "Supporting Files";
			sourceTree = "<group>";
		};
		8431080C1C75A0A700D7645F /* CustomWaitHUDTests */ = {
			isa = PBXGroup;
			children = (
				8431080D1C75A0A700D7645F /* CustomWaitHUDTests.m */,
				8431080F1C75A0A700D7645F /* Info.plist */,
			);
			path = CustomWaitHUDTests;
			sourceTree = "<group>";
		};
		843108171C75A0A700D7645F /* CustomWaitHUDUITests */ = {
			isa = PBXGroup;
			children = (
				843108181C75A0A700D7645F /* CustomWaitHUDUITests.m */,
				8431081A1C75A0A700D7645F /* Info.plist */,
			);
			path = CustomWaitHUDUITests;
			sourceTree = "<group>";
		};
/* End PBXGroup section */

/* Begin PBXNativeTarget section */
		843107E91C75A0A600D7645F /* CustomWaitHUD */ = {
			isa = PBXNativeTarget;
			buildConfigurationList = 8431081D1C75A0A700D7645F /* Build configuration list for PBXNativeTarget "CustomWaitHUD" */;
			buildPhases = (
				843107E61C75A0A600D7645F /* Sources */,
				843107E71C75A0A600D7645F /* Frameworks */,
				843107E81C75A0A600D7645F /* Resources */,
			);
			buildRules = (
			);
			dependencies = (
			);
			name = CustomWaitHUD;
			productName = CustomWaitHUD;
			productReference = 843107EA1C75A0A600D7645F /* CustomWaitHUD.app */;
			productType = "com.apple.product-type.application";
		};
		843108081C75A0A700D7645F /* CustomWaitHUDTests */ = {
			isa = PBXNativeTarget;
			buildConfigurationList = 843108201C75A0A700D7645F /* Build configuration list for PBXNativeTarget "CustomWaitHUDTests" */;
			buildPhases = (
				843108051C75A0A700D7645F /* Sources */,
				843108061C75A0A700D7645F /* Frameworks */,
				843108071C75A0A700D7645F /* Resources */,
			);
			buildRules = (
			);
			dependencies = (
				8431080B1C75A0A700D7645F /* PBXTargetDependency */,
			);
			name = CustomWaitHUDTests;
			productName = CustomWaitHUDTests;
			productReference = 843108091C75A0A700D7645F /* CustomWaitHUDTests.xctest */;
			productType = "com.apple.product-type.bundle.unit-test";
		};
		843108131C75A0A700D7645F /* CustomWaitHUDUITests */ = {
			isa = PBXNativeTarget;
			buildConfigurationList = 843108231C75A0A700D7645F /* Build configuration list for PBXNativeTarget "CustomWaitHUDUITests" */;
			buildPhases = (
				843108101C75A0A700D7645F /* Sources */,
				843108111C75A0A700D7645F /* Frameworks */,
				843108121C75A0A700D7645F /* Resources */,
			);
			buildRules = (
			);
			dependencies = (
				843108161C75A0A700D7645F /* PBXTargetDependency */,
			);
			name = CustomWaitHUDUITests;
			productName = CustomWaitHUDUITests;
			productReference = 843108141C75A0A700D7645F /* CustomWaitHUDUITests.xctest */;
			productType = "com.apple.product-type.bundle.ui-testing";
		};
/* End PBXNativeTarget section */

/* Begin PBXProject section */
		843107E21C75A0A600D7645F /* Project object */ = {
			isa = PBXProject;
			attributes = {
				LastUpgradeCheck = 0720;
				ORGANIZATIONNAME = "$heb!n Koshy";
				TargetAttributes = {
					843107E91C75A0A600D7645F = {
						CreatedOnToolsVersion = 7.2;
					};
					843108081C75A0A700D7645F = {
						CreatedOnToolsVersion = 7.2;
						TestTargetID = 843107E91C75A0A600D7645F;
					};
					843108131C75A0A700D7645F = {
						CreatedOnToolsVersion = 7.2;
						TestTargetID = 843107E91C75A0A600D7645F;
					};
				};
			};
			buildConfigurationList = 843107E51C75A0A600D7645F /* Build configuration list for PBXProject "CustomWaitHUD" */;
			compatibilityVersion = "Xcode 3.2";
			developmentRegion = English;
			hasScannedForEncodings = 0;
			knownRegions = (
				en,
				Base,
			);
			mainGroup = 843107E11C75A0A600D7645F;
			productRefGroup = 843107EB1C75A0A600D7645F /* Products */;
			projectDirPath = "";
			projectRoot = "";
			targets = (
				843107E91C75A0A600D7645F /* CustomWaitHUD */,
				843108081C75A0A700D7645F /* CustomWaitHUDTests */,
				843108131C75A0A700D7645F /* CustomWaitHUDUITests */,
			);
		};
/* End PBXProject section */

/* Begin PBXResourcesBuildPhase section */
		843107E81C75A0A600D7645F /* Resources */ = {
			isa = PBXResourcesBuildPhase;
			buildActionMask = 2147483647;
			files = (
				843108031C75A0A600D7645F /* LaunchScreen.storyboard in Resources */,
				843108001C75A0A600D7645F /* Assets.xcassets in Resources */,
				8431082A1C75A0E000D7645F /* HomeViewController.xib in Resources */,
			);
			runOnlyForDeploymentPostprocessing = 0;
		};
		843108071C75A0A700D7645F /* Resources */ = {
			isa = PBXResourcesBuildPhase;
			buildActionMask = 2147483647;
			files = (
			);
			runOnlyForDeploymentPostprocessing = 0;
		};
		843108121C75A0A700D7645F /* Resources */ = {
			isa = PBXResourcesBuildPhase;
			buildActionMask = 2147483647;
			files = (
			);
			runOnlyForDeploymentPostprocessing = 0;
		};
/* End PBXResourcesBuildPhase section */

/* Begin PBXSourcesBuildPhase section */
		843107E61C75A0A600D7645F /* Sources */ = {
			isa = PBXSourcesBuildPhase;
			buildActionMask = 2147483647;
			files = (
				843108301C75D31900D7645F /* TestTwo.m in Sources */,
				8431082D1C75A79D00D7645F /* SHActivityView.m in Sources */,
				843107F21C75A0A600D7645F /* AppDelegate.m in Sources */,
				843107EF1C75A0A600D7645F /* main.m in Sources */,
				843107F51C75A0A600D7645F /* CustomWaitHUD.xcdatamodeld in Sources */,
				843108291C75A0E000D7645F /* HomeViewController.m in Sources */,
			);
			runOnlyForDeploymentPostprocessing = 0;
		};
		843108051C75A0A700D7645F /* Sources */ = {
			isa = PBXSourcesBuildPhase;
			buildActionMask = 2147483647;
			files = (
				8431080E1C75A0A700D7645F /* CustomWaitHUDTests.m in Sources */,
			);
			runOnlyForDeploymentPostprocessing = 0;
		};
		843108101C75A0A700D7645F /* Sources */ = {
			isa = PBXSourcesBuildPhase;
			buildActionMask = 2147483647;
			files = (
				843108191C75A0A700D7645F /* CustomWaitHUDUITests.m in Sources */,
			);
			runOnlyForDeploymentPostprocessing = 0;
		};
/* End PBXSourcesBuildPhase section */

/* Begin PBXTargetDependency section */
		8431080B1C75A0A700D7645F /* PBXTargetDependency */ = {
			isa = PBXTargetDependency;
			target = 843107E91C75A0A600D7645F /* CustomWaitHUD */;
			targetProxy = 8431080A1C75A0A700D7645F /* PBXContainerItemProxy */;
		};
		843108161C75A0A700D7645F /* PBXTargetDependency */ = {
			isa = PBXTargetDependency;
			target = 843107E91C75A0A600D7645F /* CustomWaitHUD */;
			targetProxy = 843108151C75A0A700D7645F /* PBXContainerItemProxy */;
		};
/* End PBXTargetDependency section */

/* Begin PBXVariantGroup section */
		843108011C75A0A600D7645F /* LaunchScreen.storyboard */ = {
			isa = PBXVariantGroup;
			children = (
				843108021C75A0A600D7645F /* Base */,
			);
			name = LaunchScreen.storyboard;
			sourceTree = "<group>";
		};
/* End PBXVariantGroup section */

/* Begin XCBuildConfiguration section */
		8431081B1C75A0A700D7645F /* Debug */ = {
			isa = XCBuildConfiguration;
			buildSettings = {
				ALWAYS_SEARCH_USER_PATHS = NO;
				CLANG_CXX_LANGUAGE_STANDARD = "gnu++0x";
				CLANG_CXX_LIBRARY = "libc++";
				CLANG_ENABLE_MODULES = YES;
				CLANG_ENABLE_OBJC_ARC = YES;
				CLANG_WARN_BOOL_CONVERSION = YES;
				CLANG_WARN_CONSTANT_CONVERSION = YES;
				CLANG_WARN_DIRECT_OBJC_ISA_USAGE = YES_ERROR;
				CLANG_WARN_EMPTY_BODY = YES;
				CLANG_WARN_ENUM_CONVERSION = YES;
				CLANG_WARN_INT_CONVERSION = YES;
				CLANG_WARN_OBJC_ROOT_CLASS = YES_ERROR;
				CLANG_WARN_UNREACHABLE_CODE = YES;
				CLANG_WARN__DUPLICATE_METHOD_MATCH = YES;
				"CODE_SIGN_IDENTITY[sdk=iphoneos*]" = "iPhone Developer";
				COPY_PHASE_STRIP = NO;
				DEBUG_INFORMATION_FORMAT = dwarf;
				ENABLE_STRICT_OBJC_MSGSEND = YES;
				ENABLE_TESTABILITY = YES;
				GCC_C_LANGUAGE_STANDARD = gnu99;
				GCC_DYNAMIC_NO_PIC = NO;
				GCC_NO_COMMON_BLOCKS = YES;
				GCC_OPTIMIZATION_LEVEL = 0;
				GCC_PREPROCESSOR_DEFINITIONS = (
					"DEBUG=1",
					"$(inherited)",
				);
				GCC_WARN_64_TO_32_BIT_CONVERSION = YES;
				GCC_WARN_ABOUT_RETURN_TYPE = YES_ERROR;
				GCC_WARN_UNDECLARED_SELECTOR = YES;
				GCC_WARN_UNINITIALIZED_AUTOS = YES_AGGRESSIVE;
				GCC_WARN_UNUSED_FUNCTION = YES;
				GCC_WARN_UNUSED_VARIABLE = YES;
				IPHONEOS_DEPLOYMENT_TARGET = 9.2;
				MTL_ENABLE_DEBUG_INFO = YES;
				ONLY_ACTIVE_ARCH = YES;
				SDKROOT = iphoneos;
			};
			name = Debug;
		};
		8431081C1C75A0A700D7645F /* Release */ = {
			isa = XCBuildConfiguration;
			buildSettings = {
				ALWAYS_SEARCH_USER_PATHS = NO;
				CLANG_CXX_LANGUAGE_STANDARD = "gnu++0x";
				CLANG_CXX_LIBRARY = "libc++";
				CLANG_ENABLE_MODULES = YES;
				CLANG_ENABLE_OBJC_ARC = YES;
				CLANG_WARN_BOOL_CONVERSION = YES;
				CLANG_WARN_CONSTANT_CONVERSION = YES;
				CLANG_WARN_DIRECT_OBJC_ISA_USAGE = YES_ERROR;
				CLANG_WARN_EMPTY_BODY = YES;
				CLANG_WARN_ENUM_CONVERSION = YES;
				CLANG_WARN_INT_CONVERSION = YES;
				CLANG_WARN_OBJC_ROOT_CLASS = YES_ERROR;
				CLANG_WARN_UNREACHABLE_CODE = YES;
				CLANG_WARN__DUPLICATE_METHOD_MATCH = YES;
				"CODE_SIGN_IDENTITY[sdk=iphoneos*]" = "iPhone Developer";
				COPY_PHASE_STRIP = NO;
				DEBUG_INFORMATION_FORMAT = "dwarf-with-dsym";
				ENABLE_NS_ASSERTIONS = NO;
				ENABLE_STRICT_OBJC_MSGSEND = YES;
				GCC_C_LANGUAGE_STANDARD = gnu99;
				GCC_NO_COMMON_BLOCKS = YES;
				GCC_WARN_64_TO_32_BIT_CONVERSION = YES;
				GCC_WARN_ABOUT_RETURN_TYPE = YES_ERROR;
				GCC_WARN_UNDECLARED_SELECTOR = YES;
				GCC_WARN_UNINITIALIZED_AUTOS = YES_AGGRESSIVE;
				GCC_WARN_UNUSED_FUNCTION = YES;
				GCC_WARN_UNUSED_VARIABLE = YES;
				IPHONEOS_DEPLOYMENT_TARGET = 9.2;
				MTL_ENABLE_DEBUG_INFO = NO;
				SDKROOT = iphoneos;
				VALIDATE_PRODUCT = YES;
			};
			name = Release;
		};
		8431081E1C75A0A700D7645F /* Debug */ = {
			isa = XCBuildConfiguration;
			buildSettings = {
				INFOPLIST_FILE = CustomWaitHUD/Info.plist;
				IPHONEOS_DEPLOYMENT_TARGET = 6.1;
				LD_RUNPATH_SEARCH_PATHS = "$(inherited) @executable_path/Frameworks";
				PRODUCT_BUNDLE_IDENTIFIER = "m-squared.CustomWaitHUD";
				PRODUCT_NAME = "$(TARGET_NAME)";
				TARGETED_DEVICE_FAMILY = "1,2";
			};
			name = Debug;
		};
		8431081F1C75A0A700D7645F /* Release */ = {
			isa = XCBuildConfiguration;
			buildSettings = {
				INFOPLIST_FILE = CustomWaitHUD/Info.plist;
				IPHONEOS_DEPLOYMENT_TARGET = 6.1;
				LD_RUNPATH_SEARCH_PATHS = "$(inherited) @executable_path/Frameworks";
				PRODUCT_BUNDLE_IDENTIFIER = "m-squared.CustomWaitHUD";
				PRODUCT_NAME = "$(TARGET_NAME)";
				TARGETED_DEVICE_FAMILY = "1,2";
			};
			name = Release;
		};
		843108211C75A0A700D7645F /* Debug */ = {
			isa = XCBuildConfiguration;
			buildSettings = {
				BUNDLE_LOADER = "$(TEST_HOST)";
				INFOPLIST_FILE = CustomWaitHUDTests/Info.plist;
				LD_RUNPATH_SEARCH_PATHS = "$(inherited) @executable_path/Frameworks @loader_path/Frameworks";
				PRODUCT_BUNDLE_IDENTIFIER = "m-squared.CustomWaitHUDTests";
				PRODUCT_NAME = "$(TARGET_NAME)";
				TEST_HOST = "$(BUILT_PRODUCTS_DIR)/CustomWaitHUD.app/CustomWaitHUD";
			};
			name = Debug;
		};
		843108221C75A0A700D7645F /* Release */ = {
			isa = XCBuildConfiguration;
			buildSettings = {
				BUNDLE_LOADER = "$(TEST_HOST)";
				INFOPLIST_FILE = CustomWaitHUDTests/Info.plist;
				LD_RUNPATH_SEARCH_PATHS = "$(inherited) @executable_path/Frameworks @loader_path/Frameworks";
				PRODUCT_BUNDLE_IDENTIFIER = "m-squared.CustomWaitHUDTests";
				PRODUCT_NAME = "$(TARGET_NAME)";
				TEST_HOST = "$(BUILT_PRODUCTS_DIR)/CustomWaitHUD.app/CustomWaitHUD";
			};
			name = Release;
		};
		843108241C75A0A700D7645F /* Debug */ = {
			isa = XCBuildConfiguration;
			buildSettings = {
				INFOPLIST_FILE = CustomWaitHUDUITests/Info.plist;
				LD_RUNPATH_SEARCH_PATHS = "$(inherited) @executable_path/Frameworks @loader_path/Frameworks";
				PRODUCT_BUNDLE_IDENTIFIER = "m-squared.CustomWaitHUDUITests";
				PRODUCT_NAME = "$(TARGET_NAME)";
				TEST_TARGET_NAME = CustomWaitHUD;
				USES_XCTRUNNER = YES;
			};
			name = Debug;
		};
		843108251C75A0A700D7645F /* Release */ = {
			isa = XCBuildConfiguration;
			buildSettings = {
				INFOPLIST_FILE = CustomWaitHUDUITests/Info.plist;
				LD_RUNPATH_SEARCH_PATHS = "$(inherited) @executable_path/Frameworks @loader_path/Frameworks";
				PRODUCT_BUNDLE_IDENTIFIER = "m-squared.CustomWaitHUDUITests";
				PRODUCT_NAME = "$(TARGET_NAME)";
				TEST_TARGET_NAME = CustomWaitHUD;
				USES_XCTRUNNER = YES;
			};
			name = Release;
		};
/* End XCBuildConfiguration section */

/* Begin XCConfigurationList section */
		843107E51C75A0A600D7645F /* Build configuration list for PBXProject "CustomWaitHUD" */ = {
			isa = XCConfigurationList;
			buildConfigurations = (
				8431081B1C75A0A700D7645F /* Debug */,
				8431081C1C75A0A700D7645F /* Release */,
			);
			defaultConfigurationIsVisible = 0;
			defaultConfigurationName = Release;
		};
		8431081D1C75A0A700D7645F /* Build configuration list for PBXNativeTarget "CustomWaitHUD" */ = {
			isa = XCConfigurationList;
			buildConfigurations = (
				8431081E1C75A0A700D7645F /* Debug */,
				8431081F1C75A0A700D7645F /* Release */,
			);
			defaultConfigurationIsVisible = 0;
			defaultConfigurationName = Release;
		};
		843108201C75A0A700D7645F /* Build configuration list for PBXNativeTarget "CustomWaitHUDTests" */ = {
			isa = XCConfigurationList;
			buildConfigurations = (
				843108211C75A0A700D7645F /* Debug */,
				843108221C75A0A700D7645F /* Release */,
			);
			defaultConfigurationIsVisible = 0;
			defaultConfigurationName = Release;
		};
		843108231C75A0A700D7645F /* Build configuration list for PBXNativeTarget "CustomWaitHUDUITests" */ = {
			isa = XCConfigurationList;
			buildConfigurations = (
				843108241C75A0A700D7645F /* Debug */,
				843108251C75A0A700D7645F /* Release */,
			);
			defaultConfigurationIsVisible = 0;
			defaultConfigurationName = Release;
		};
/* End XCConfigurationList section */

/* Begin XCVersionGroup section */
		843107F31C75A0A600D7645F /* CustomWaitHUD.xcdatamodeld */ = {
			isa = XCVersionGroup;
			children = (
				843107F41C75A0A600D7645F /* CustomWaitHUD.xcdatamodel */,
			);
			currentVersion = 843107F41C75A0A600D7645F /* CustomWaitHUD.xcdatamodel */;
			path = CustomWaitHUD.xcdatamodeld;
			sourceTree = "<group>";
			versionGroupType = wrapper.xcdatamodel;
		};
/* End XCVersionGroup section */
	};
	rootObject = 843107E21C75A0A600D7645F /* Project object */;
}
